// !$*UTF8*$!
{
	archiveVersion = 1;
	classes = {
	};
	objectVersion = 50;
	objects = {

/* Begin PBXBuildFile section */
		38CC70F624C0C19000C7F5D2 /* AppDelegate.swift in Sources */ = {isa = PBXBuildFile; fileRef = 38CC70F524C0C19000C7F5D2 /* AppDelegate.swift */; };
		38CC70F824C0C19000C7F5D2 /* SceneDelegate.swift in Sources */ = {isa = PBXBuildFile; fileRef = 38CC70F724C0C19000C7F5D2 /* SceneDelegate.swift */; };
		38CC70FA24C0C19000C7F5D2 /* ContentView.swift in Sources */ = {isa = PBXBuildFile; fileRef = 38CC70F924C0C19000C7F5D2 /* ContentView.swift */; };
		38CC70FC24C0C19200C7F5D2 /* Assets.xcassets in Resources */ = {isa = PBXBuildFile; fileRef = 38CC70FB24C0C19200C7F5D2 /* Assets.xcassets */; };
		38CC70FF24C0C19200C7F5D2 /* Preview Assets.xcassets in Resources */ = {isa = PBXBuildFile; fileRef = 38CC70FE24C0C19200C7F5D2 /* Preview Assets.xcassets */; };
		38CC710224C0C19200C7F5D2 /* LaunchScreen.storyboard in Resources */ = {isa = PBXBuildFile; fileRef = 38CC710024C0C19200C7F5D2 /* LaunchScreen.storyboard */; };
/* End PBXBuildFile section */

/* Begin PBXFileReference section */
		38CC70F224C0C19000C7F5D2 /* test Gitub.app */ = {isa = PBXFileReference; explicitFileType = wrapper.application; includeInIndex = 0; path = "test Gitub.app"; sourceTree = BUILT_PRODUCTS_DIR; };
		38CC70F524C0C19000C7F5D2 /* AppDelegate.swift */ = {isa = PBXFileReference; lastKnownFileType = sourcecode.swift; path = AppDelegate.swift; sourceTree = "<group>"; };
		38CC70F724C0C19000C7F5D2 /* SceneDelegate.swift */ = {isa = PBXFileReference; lastKnownFileType = sourcecode.swift; path = SceneDelegate.swift; sourceTree = "<group>"; };
		38CC70F924C0C19000C7F5D2 /* ContentView.swift */ = {isa = PBXFileReference; lastKnownFileType = sourcecode.swift; path = ContentView.swift; sourceTree = "<group>"; };
		38CC70FB24C0C19200C7F5D2 /* Assets.xcassets */ = {isa = PBXFileReference; lastKnownFileType = folder.assetcatalog; path = Assets.xcassets; sourceTree = "<group>"; };
		38CC70FE24C0C19200C7F5D2 /* Preview Assets.xcassets */ = {isa = PBXFileReference; lastKnownFileType = folder.assetcatalog; path = "Preview Assets.xcassets"; sourceTree = "<group>"; };
		38CC710124C0C19200C7F5D2 /* Base */ = {isa = PBXFileReference; lastKnownFileType = file.storyboard; name = Base; path = Base.lproj/LaunchScreen.storyboard; sourceTree = "<group>"; };
		38CC710324C0C19200C7F5D2 /* Info.plist */ = {isa = PBXFileReference; lastKnownFileType = text.plist.xml; path = Info.plist; sourceTree = "<group>"; };
/* End PBXFileReference section */

/* Begin PBXFrameworksBuildPhase section */
		38CC70EF24C0C19000C7F5D2 /* Frameworks */ = {
			isa = PBXFrameworksBuildPhase;
			buildActionMask = 2147483647;
			files = (
			);
			runOnlyForDeploymentPostprocessing = 0;
		};
/* End PBXFrameworksBuildPhase section */

/* Begin PBXGroup section */
		38CC70E924C0C19000C7F5D2 = {
			isa = PBXGroup;
			children = (
				38CC70F424C0C19000C7F5D2 /* test Gitub */,
				38CC70F324C0C19000C7F5D2 /* Products */,
			);
			sourceTree = "<group>";
		};
		38CC70F324C0C19000C7F5D2 /* Products */ = {
			isa = PBXGroup;
			children = (
				38CC70F224C0C19000C7F5D2 /* test Gitub.app */,
			);
			name = Products;
			sourceTree = "<group>";
		};
		38CC70F424C0C19000C7F5D2 /* test Gitub */ = {
			isa = PBXGroup;
			children = (
				38CC70F524C0C19000C7F5D2 /* AppDelegate.swift */,
				38CC70F724C0C19000C7F5D2 /* SceneDelegate.swift */,
				38CC70F924C0C19000C7F5D2 /* ContentView.swift */,
				38CC70FB24C0C19200C7F5D2 /* Assets.xcassets */,
				38CC710024C0C19200C7F5D2 /* LaunchScreen.storyboard */,
				38CC710324C0C19200C7F5D2 /* Info.plist */,
				38CC70FD24C0C19200C7F5D2 /* Preview Content */,
			);
			path = "test Gitub";
			sourceTree = "<group>";
		};
		38CC70FD24C0C19200C7F5D2 /* Preview Content */ = {
			isa = PBXGroup;
			children = (
				38CC70FE24C0C19200C7F5D2 /* Preview Assets.xcassets */,
			);
			path = "Preview Content";
			sourceTree = "<group>";
		};
/* End PBXGroup section */

/* Begin PBXNativeTarget section */
		38CC70F124C0C19000C7F5D2 /* test Gitub */ = {
			isa = PBXNativeTarget;
			buildConfigurationList = 38CC710624C0C19200C7F5D2 /* Build configuration list for PBXNativeTarget "test Gitub" */;
			buildPhases = (
				38CC70EE24C0C19000C7F5D2 /* Sources */,
				38CC70EF24C0C19000C7F5D2 /* Frameworks */,
				38CC70F024C0C19000C7F5D2 /* Resources */,
			);
			buildRules = (
			);
			dependencies = (
			);
			name = "test Gitub";
			productName = "test Gitub";
			productReference = 38CC70F224C0C19000C7F5D2 /* test Gitub.app */;
			productType = "com.apple.product-type.application";
		};
/* End PBXNativeTarget section */

/* Begin PBXProject section */
		38CC70EA24C0C19000C7F5D2 /* Project object */ = {
			isa = PBXProject;
			attributes = {
				LastSwiftUpdateCheck = 1150;
				LastUpgradeCheck = 1150;
				ORGANIZATIONNAME = "Milla Kwan";
				TargetAttributes = {
					38CC70F124C0C19000C7F5D2 = {
						CreatedOnToolsVersion = 11.5;
					};
				};
			};
			buildConfigurationList = 38CC70ED24C0C19000C7F5D2 /* Build configuration list for PBXProject "test Gitub" */;
			compatibilityVersion = "Xcode 9.3";
			developmentRegion = en;
			hasScannedForEncodings = 0;
			knownRegions = (
				en,
				Base,
			);
			mainGroup = 38CC70E924C0C19000C7F5D2;
			productRefGroup = 38CC70F324C0C19000C7F5D2 /* Products */;
			projectDirPath = "";
			projectRoot = "";
			targets = (
				38CC70F124C0C19000C7F5D2 /* test Gitub */,
			);
		};
/* End PBXProject section */

/* Begin PBXResourcesBuildPhase section */
		38CC70F024C0C19000C7F5D2 /* Resources */ = {
			isa = PBXResourcesBuildPhase;
			buildActionMask = 2147483647;
			files = (
				38CC710224C0C19200C7F5D2 /* LaunchScreen.storyboard in Resources */,
				38CC70FF24C0C19200C7F5D2 /* Preview Assets.xcassets in Resources */,
				38CC70FC24C0C19200C7F5D2 /* Assets.xcassets in Resources */,
			);
			runOnlyForDeploymentPostprocessing = 0;
		};
/* End PBXResourcesBuildPhase section */

/* Begin PBXSourcesBuildPhase section */
		38CC70EE24C0C19000C7F5D2 /* Sources */ = {
			isa = PBXSourcesBuildPhase;
			buildActionMask = 2147483647;
			files = (
				38CC70F624C0C19000C7F5D2 /* AppDelegate.swift in Sources */,
				38CC70F824C0C19000C7F5D2 /* SceneDelegate.swift in Sources */,
				38CC70FA24C0C19000C7F5D2 /* ContentView.swift in Sources */,
			);
			runOnlyForDeploymentPostprocessing = 0;
		};
/* End PBXSourcesBuildPhase section */

/* Begin PBXVariantGroup section */
		38CC710024C0C19200C7F5D2 /* LaunchScreen.storyboard */ = {
			isa = PBXVariantGroup;
			children = (
				38CC710124C0C19200C7F5D2 /* Base */,
			);
			name = LaunchScreen.storyboard;
			sourceTree = "<group>";
		};
/* End PBXVariantGroup section */

/* Begin XCBuildConfiguration section */
		38CC710424C0C19200C7F5D2 /* Debug */ = {
			isa = XCBuildConfiguration;
			buildSettings = {
				ALWAYS_SEARCH_USER_PATHS = NO;
				CLANG_ANALYZER_NONNULL = YES;
				CLANG_ANALYZER_NUMBER_OBJECT_CONVERSION = YES_AGGRESSIVE;
				CLANG_CXX_LANGUAGE_STANDARD = "gnu++14";
				CLANG_CXX_LIBRARY = "libc++";
				CLANG_ENABLE_MODULES = YES;
				CLANG_ENABLE_OBJC_ARC = YES;
				CLANG_ENABLE_OBJC_WEAK = YES;
				CLANG_WARN_BLOCK_CAPTURE_AUTORELEASING = YES;
				CLANG_WARN_BOOL_CONVERSION = YES;
				CLANG_WARN_COMMA = YES;
				CLANG_WARN_CONSTANT_CONVERSION = YES;
				CLANG_WARN_DEPRECATED_OBJC_IMPLEMENTATIONS = YES;
				CLANG_WARN_DIRECT_OBJC_ISA_USAGE = YES_ERROR;
				CLANG_WARN_DOCUMENTATION_COMMENTS = YES;
				CLANG_WARN_EMPTY_BODY = YES;
				CLANG_WARN_ENUM_CONVERSION = YES;
				CLANG_WARN_INFINITE_RECURSION = YES;
				CLANG_WARN_INT_CONVERSION = YES;
				CLANG_WARN_NON_LITERAL_NULL_CONVERSION = YES;
				CLANG_WARN_OBJC_IMPLICIT_RETAIN_SELF = YES;
				CLANG_WARN_OBJC_LITERAL_CONVERSION = YES;
				CLANG_WARN_OBJC_ROOT_CLASS = YES_ERROR;
				CLANG_WARN_RANGE_LOOP_ANALYSIS = YES;
				CLANG_WARN_STRICT_PROTOTYPES = YES;
				CLANG_WARN_SUSPICIOUS_MOVE = YES;
				CLANG_WARN_UNGUARDED_AVAILABILITY = YES_AGGRESSIVE;
				CLANG_WARN_UNREACHABLE_CODE = YES;
				CLANG_WARN__DUPLICATE_METHOD_MATCH = YES;
				COPY_PHASE_STRIP = NO;
				DEBUG_INFORMATION_FORMAT = dwarf;
				ENABLE_STRICT_OBJC_MSGSEND = YES;
				ENABLE_TESTABILITY = YES;
				GCC_C_LANGUAGE_STANDARD = gnu11;
				GCC_DYNAMIC_NO_PIC = NO;
				GCC_NO_COMMON_BLOCKS = YES;
				GCC_OPTIMIZATION_LEVEL = 0;
				GCC_PREPROCESSOR_DEFINITIONS = (
					"DEBUG=1",
					"$(inherited)",
				);
				GCC_WARN_64_TO_32_BIT_CONVERSION = YES;
				GCC_WARN_ABOUT_RETURN_TYPE = YES_ERROR;
				GCC_WARN_UNDECLARED_SELECTOR = YES;
				GCC_WARN_UNINITIALIZED_AUTOS = YES_AGGRESSIVE;
				GCC_WARN_UNUSED_FUNCTION = YES;
				GCC_WARN_UNUSED_VARIABLE = YES;
				IPHONEOS_DEPLOYMENT_TARGET = 13.5;
				MTL_ENABLE_DEBUG_INFO = INCLUDE_SOURCE;
				MTL_FAST_MATH = YES;
				ONLY_ACTIVE_ARCH = YES;
				SDKROOT = iphoneos;
				SWIFT_ACTIVE_COMPILATION_CONDITIONS = DEBUG;
				SWIFT_OPTIMIZATION_LEVEL = "-Onone";
			};
			name = Debug;
		};
		38CC710524C0C19200C7F5D2 /* Release */ = {
			isa = XCBuildConfiguration;
			buildSettings = {
				ALWAYS_SEARCH_USER_PATHS = NO;
				CLANG_ANALYZER_NONNULL = YES;
				CLANG_ANALYZER_NUMBER_OBJECT_CONVERSION = YES_AGGRESSIVE;
				CLANG_CXX_LANGUAGE_STANDARD = "gnu++14";
				CLANG_CXX_LIBRARY = "libc++";
				CLANG_ENABLE_MODULES = YES;
				CLANG_ENABLE_OBJC_ARC = YES;
				CLANG_ENABLE_OBJC_WEAK = YES;
				CLANG_WARN_BLOCK_CAPTURE_AUTORELEASING = YES;
				CLANG_WARN_BOOL_CONVERSION = YES;
				CLANG_WARN_COMMA = YES;
				CLANG_WARN_CONSTANT_CONVERSION = YES;
				CLANG_WARN_DEPRECATED_OBJC_IMPLEMENTATIONS = YES;
				CLANG_WARN_DIRECT_OBJC_ISA_USAGE = YES_ERROR;
				CLANG_WARN_DOCUMENTATION_COMMENTS = YES;
				CLANG_WARN_EMPTY_BODY = YES;
				CLANG_WARN_ENUM_CONVERSION = YES;
				CLANG_WARN_INFINITE_RECURSION = YES;
				CLANG_WARN_INT_CONVERSION = YES;
				CLANG_WARN_NON_LITERAL_NULL_CONVERSION = YES;
				CLANG_WARN_OBJC_IMPLICIT_RETAIN_SELF = YES;
				CLANG_WARN_OBJC_LITERAL_CONVERSION = YES;
				CLANG_WARN_OBJC_ROOT_CLASS = YES_ERROR;
				CLANG_WARN_RANGE_LOOP_ANALYSIS = YES;
				CLANG_WARN_STRICT_PROTOTYPES = YES;
				CLANG_WARN_SUSPICIOUS_MOVE = YES;
				CLANG_WARN_UNGUARDED_AVAILABILITY = YES_AGGRESSIVE;
				CLANG_WARN_UNREACHABLE_CODE = YES;
				CLANG_WARN__DUPLICATE_METHOD_MATCH = YES;
				COPY_PHASE_STRIP = NO;
				DEBUG_INFORMATION_FORMAT = "dwarf-with-dsym";
				ENABLE_NS_ASSERTIONS = NO;
				ENABLE_STRICT_OBJC_MSGSEND = YES;
				GCC_C_LANGUAGE_STANDARD = gnu11;
				GCC_NO_COMMON_BLOCKS = YES;
				GCC_WARN_64_TO_32_BIT_CONVERSION = YES;
				GCC_WARN_ABOUT_RETURN_TYPE = YES_ERROR;
				GCC_WARN_UNDECLARED_SELECTOR = YES;
				GCC_WARN_UNINITIALIZED_AUTOS = YES_AGGRESSIVE;
				GCC_WARN_UNUSED_FUNCTION = YES;
				GCC_WARN_UNUSED_VARIABLE = YES;
				IPHONEOS_DEPLOYMENT_TARGET = 13.5;
				MTL_ENABLE_DEBUG_INFO = NO;
				MTL_FAST_MATH = YES;
				SDKROOT = iphoneos;
				SWIFT_COMPILATION_MODE = wholemodule;
				SWIFT_OPTIMIZATION_LEVEL = "-O";
				VALIDATE_PRODUCT = YES;
			};
			name = Release;
		};
		38CC710724C0C19200C7F5D2 /* Debug */ = {
			isa = XCBuildConfiguration;
			buildSettings = {
				ASSETCATALOG_COMPILER_APPICON_NAME = AppIcon;
				CODE_SIGN_STYLE = Automatic;
				DEVELOPMENT_ASSET_PATHS = "\"test Gitub/Preview Content\"";
				ENABLE_PREVIEWS = YES;
				INFOPLIST_FILE = "test Gitub/Info.plist";
				LD_RUNPATH_SEARCH_PATHS = (
					"$(inherited)",
					"@executable_path/Frameworks",
				);
				PRODUCT_BUNDLE_IDENTIFIER = "Milla-Kwan.test-Gitub";
				PRODUCT_NAME = "$(TARGET_NAME)";
				SWIFT_VERSION = 5.0;
				TARGETED_DEVICE_FAMILY = "1,2";
			};
			name = Debug;
		};
		38CC710824C0C19200C7F5D2 /* Release */ = {
			isa = XCBuildConfiguration;
			buildSettings = {
				ASSETCATALOG_COMPILER_APPICON_NAME = AppIcon;
				CODE_SIGN_STYLE = Automatic;
				DEVELOPMENT_ASSET_PATHS = "\"test Gitub/Preview Content\"";
				ENABLE_PREVIEWS = YES;
				INFOPLIST_FILE = "test Gitub/Info.plist";
				LD_RUNPATH_SEARCH_PATHS = (
					"$(inherited)",
					"@executable_path/Frameworks",
				);
				PRODUCT_BUNDLE_IDENTIFIER = "Milla-Kwan.test-Gitub";
				PRODUCT_NAME = "$(TARGET_NAME)";
				SWIFT_VERSION = 5.0;
				TARGETED_DEVICE_FAMILY = "1,2";
			};
			name = Release;
		};
/* End XCBuildConfiguration section */

/* Begin XCConfigurationList section */
		38CC70ED24C0C19000C7F5D2 /* Build configuration list for PBXProject "test Gitub" */ = {
			isa = XCConfigurationList;
			buildConfigurations = (
				38CC710424C0C19200C7F5D2 /* Debug */,
				38CC710524C0C19200C7F5D2 /* Release */,
			);
			defaultConfigurationIsVisible = 0;
			defaultConfigurationName = Release;
		};
		38CC710624C0C19200C7F5D2 /* Build configuration list for PBXNativeTarget "test Gitub" */ = {
			isa = XCConfigurationList;
			buildConfigurations = (
				38CC710724C0C19200C7F5D2 /* Debug */,
				38CC710824C0C19200C7F5D2 /* Release */,
			);
			defaultConfigurationIsVisible = 0;
			defaultConfigurationName = Release;
		};
/* End XCConfigurationList section */
	};
	rootObject = 38CC70EA24C0C19000C7F5D2 /* Project object */;
}
